
Microsoft Visual Studio Solution File, Format Version 12.00
# Visual Studio Version 16
VisualStudioVersion = 16.0.29905.134
MinimumVisualStudioVersion = 10.0.40219.1
Project("{FAE04EC0-301F-11D3-BF4B-00C04F79EFBC}") = "TennisProject", "TennisProject\TennisProject.csproj", "{14F4EC7F-6A70-4866-A8B9-A3959D57D7CA}"
EndProject
Global
	GlobalSection(SolutionConfigurationPlatforms) = preSolution
		Debug|Any CPU = Debug|Any CPU
		Release|Any CPU = Release|Any CPU
	EndGlobalSection
	GlobalSection(ProjectConfigurationPlatforms) = postSolution
		{14F4EC7F-6A70-4866-A8B9-A3959D57D7CA}.Debug|Any CPU.ActiveCfg = Debug|Any CPU
		{14F4EC7F-6A70-4866-A8B9-A3959D57D7CA}.Debug|Any CPU.Build.0 = Debug|Any CPU
		{14F4EC7F-6A70-4866-A8B9-A3959D57D7CA}.Release|Any CPU.ActiveCfg = Release|Any CPU
		{14F4EC7F-6A70-4866-A8B9-A3959D57D7CA}.Release|Any CPU.Build.0 = Release|Any CPU
	EndGlobalSection
	GlobalSection(SolutionProperties) = preSolution
		HideSolutionNode = FALSE
	EndGlobalSection
	GlobalSection(ExtensibilityGlobals) = postSolution
		SolutionGuid = {DDF6ED38-E7AD-45FF-A0C3-6BCD92D4824B}
	EndGlobalSection
EndGlobal
